
Microsoft Visual Studio Solution File, Format Version 12.00
# Visual Studio Version 17
VisualStudioVersion = 17.14.36915.13 d17.14
MinimumVisualStudioVersion = 10.0.40219.1
Project("{FAE04EC0-301F-11D3-BF4B-00C04F79EFBC}") = "BuckshotRoulette.Simplified", "BuckshotRoulette\BuckshotRoulette.Simplified.csproj", "{F62E2A58-DBBF-44BE-951D-4B3F6A8B27EA}"
EndProject
Global
	GlobalSection(SolutionConfigurationPlatforms) = preSolution
		Debug|Any CPU = Debug|Any CPU
		Release|Any CPU = Release|Any CPU
	EndGlobalSection
	GlobalSection(ProjectConfigurationPlatforms) = postSolution
		{F62E2A58-DBBF-44BE-951D-4B3F6A8B27EA}.Debug|Any CPU.ActiveCfg = Debug|Any CPU
		{F62E2A58-DBBF-44BE-951D-4B3F6A8B27EA}.Debug|Any CPU.Build.0 = Debug|Any CPU
		{F62E2A58-DBBF-44BE-951D-4B3F6A8B27EA}.Release|Any CPU.ActiveCfg = Release|Any CPU
		{F62E2A58-DBBF-44BE-951D-4B3F6A8B27EA}.Release|Any CPU.Build.0 = Release|Any CPU
	EndGlobalSection
	GlobalSection(SolutionProperties) = preSolution
		HideSolutionNode = FALSE
	EndGlobalSection
	GlobalSection(ExtensibilityGlobals) = postSolution
		SolutionGuid = {6D3355A4-737F-47D7-AA8D-E18A449E9944}
	EndGlobalSection
EndGlobal
